
Microsoft Visual Studio Solution File, Format Version 12.00
# Visual Studio 2013
VisualStudioVersion = 12.0.21005.1
MinimumVisualStudioVersion = 10.0.40219.1
Project("{FAE04EC0-301F-11D3-BF4B-00C04F79EFBC}") = "Kurvendiskussion Reverse", "Kurvendiskussion Reverse\Kurvendiskussion Reverse.csproj", "{650F1FAD-8865-4B92-97AF-7F0D128861FB}"
EndProject
Global
	GlobalSection(SolutionConfigurationPlatforms) = preSolution
		Debug|Any CPU = Debug|Any CPU
		Release|Any CPU = Release|Any CPU
	EndGlobalSection
	GlobalSection(ProjectConfigurationPlatforms) = postSolution
		{650F1FAD-8865-4B92-97AF-7F0D128861FB}.Debug|Any CPU.ActiveCfg = Debug|Any CPU
		{650F1FAD-8865-4B92-97AF-7F0D128861FB}.Debug|Any CPU.Build.0 = Debug|Any CPU
		{650F1FAD-8865-4B92-97AF-7F0D128861FB}.Release|Any CPU.ActiveCfg = Release|Any CPU
		{650F1FAD-8865-4B92-97AF-7F0D128861FB}.Release|Any CPU.Build.0 = Release|Any CPU
	EndGlobalSection
	GlobalSection(SolutionProperties) = preSolution
		HideSolutionNode = FALSE
	EndGlobalSection
EndGlobal
